
Microsoft Visual Studio Solution File, Format Version 12.00
# Visual Studio Version 16
VisualStudioVersion = 16.0.29709.97
MinimumVisualStudioVersion = 10.0.40219.1
Project("{FAE04EC0-301F-11D3-BF4B-00C04F79EFBC}") = "PostilionProxy.Service", "PostilionProxy.Service\PostilionProxy.Service.csproj", "{199607DA-E6D4-4F9F-9783-B7969D405102}"
EndProject
Global
	GlobalSection(SolutionConfigurationPlatforms) = preSolution
		Debug|Any CPU = Debug|Any CPU
		Release|Any CPU = Release|Any CPU
	EndGlobalSection
	GlobalSection(ProjectConfigurationPlatforms) = postSolution
		{199607DA-E6D4-4F9F-9783-B7969D405102}.Debug|Any CPU.ActiveCfg = Debug|Any CPU
		{199607DA-E6D4-4F9F-9783-B7969D405102}.Debug|Any CPU.Build.0 = Debug|Any CPU
		{199607DA-E6D4-4F9F-9783-B7969D405102}.Release|Any CPU.ActiveCfg = Release|Any CPU
		{199607DA-E6D4-4F9F-9783-B7969D405102}.Release|Any CPU.Build.0 = Release|Any CPU
	EndGlobalSection
	GlobalSection(SolutionProperties) = preSolution
		HideSolutionNode = FALSE
	EndGlobalSection
	GlobalSection(ExtensibilityGlobals) = postSolution
		SolutionGuid = {18007BBE-8A7B-463C-9BBC-042037B0ADFF}
	EndGlobalSection
EndGlobal
